{
  "markbot": "b20ee5f2cde736d59b925284e94a279641ddfca8a9da9f3a40a57c1b84f2fde5",
  "markbotignore": "030a4e6e1b3b6b510514a7ae54576e2c2ef762d56236c6414ef634955d96a126",
  "index-before-960.png": "1c6a0bfa1ca648a60bc8b5d5590080387eee86572c05e8c6c887894b18afdea3",
  "index-before-1440.png": "61216bd67165b29e526e8fa2d9bc2b111907054d7e83d0d787a80633b80a3991",
  "index-after-960.png": "7a9911a5c076f49197f2b52f63ba5f7375dee6de78a3d2f642eec90d7b029fb9",
  "index-after-1440.png": "9f6274f2863ddb6dc2ca1b25d319f05f6ed79a1a55b45fd27b5ed671abdf8412"
}